
Microsoft Visual Studio Solution File, Format Version 12.00
# Visual Studio Version 17
VisualStudioVersion = 17.9.34723.18
MinimumVisualStudioVersion = 10.0.40219.1
Project("{FAE04EC0-301F-11D3-BF4B-00C04F79EFBC}") = "lottery", "lottery\lottery.csproj", "{C307D045-50CF-445F-9102-B891C7CA300B}"
EndProject
Project("{FAE04EC0-301F-11D3-BF4B-00C04F79EFBC}") = "lottery.Domain", "lottery.Domain\lottery.Domain.csproj", "{0002F0EA-5167-49F4-A16F-E52C01622BB8}"
EndProject
Project("{FAE04EC0-301F-11D3-BF4B-00C04F79EFBC}") = "lottery.Application", "lottery.Application\lottery.Application.csproj", "{8B577CB7-B5F5-4F2B-9886-968B71BCFD32}"
EndProject
Global
	GlobalSection(SolutionConfigurationPlatforms) = preSolution
		Debug|Any CPU = Debug|Any CPU
		Release|Any CPU = Release|Any CPU
	EndGlobalSection
	GlobalSection(ProjectConfigurationPlatforms) = postSolution
		{C307D045-50CF-445F-9102-B891C7CA300B}.Debug|Any CPU.ActiveCfg = Debug|Any CPU
		{C307D045-50CF-445F-9102-B891C7CA300B}.Debug|Any CPU.Build.0 = Debug|Any CPU
		{C307D045-50CF-445F-9102-B891C7CA300B}.Release|Any CPU.ActiveCfg = Release|Any CPU
		{C307D045-50CF-445F-9102-B891C7CA300B}.Release|Any CPU.Build.0 = Release|Any CPU
		{0002F0EA-5167-49F4-A16F-E52C01622BB8}.Debug|Any CPU.ActiveCfg = Debug|Any CPU
		{0002F0EA-5167-49F4-A16F-E52C01622BB8}.Debug|Any CPU.Build.0 = Debug|Any CPU
		{0002F0EA-5167-49F4-A16F-E52C01622BB8}.Release|Any CPU.ActiveCfg = Release|Any CPU
		{0002F0EA-5167-49F4-A16F-E52C01622BB8}.Release|Any CPU.Build.0 = Release|Any CPU
		{8B577CB7-B5F5-4F2B-9886-968B71BCFD32}.Debug|Any CPU.ActiveCfg = Debug|Any CPU
		{8B577CB7-B5F5-4F2B-9886-968B71BCFD32}.Debug|Any CPU.Build.0 = Debug|Any CPU
		{8B577CB7-B5F5-4F2B-9886-968B71BCFD32}.Release|Any CPU.ActiveCfg = Release|Any CPU
		{8B577CB7-B5F5-4F2B-9886-968B71BCFD32}.Release|Any CPU.Build.0 = Release|Any CPU
	EndGlobalSection
	GlobalSection(SolutionProperties) = preSolution
		HideSolutionNode = FALSE
	EndGlobalSection
	GlobalSection(ExtensibilityGlobals) = postSolution
		SolutionGuid = {35B819DE-6CA6-4DD3-8EAA-D10F9E4CFFB5}
	EndGlobalSection
EndGlobal
